{
  "version": 4,
  "terraform_version": "1.15.7",
  "serial": 69,
  "lineage": "33bbbe09-505e-e35c-f7ec-d35822e83658",
  "outputs": {
    "mongodb_namespace": {
      "value": "mongodb",
      "type": "string"
    },
    "mongodb_workload_service_account": {
      "value": "psmdb-db",
      "type": "string"
    },
    "operator_iam_role_arn": {
      "value": "arn:aws:iam::815402439714:role/mongodb-pbm-role",
      "type": "string"
    },
    "pbm_bucket_name": {
      "value": "my-mongodb-pbm-backups",
      "type": "string"
    }
  },
  "resources": [
    {
      "mode": "data",
      "type": "aws_eks_cluster",
      "name": "target",
      "provider": "provider[\"registry.terraform.io/hashicorp/aws\"]",
      "instances": [
        {
          "schema_version": 0,
          "attributes": {
            "access_config": [
              {
                "authentication_mode": "API_AND_CONFIG_MAP",
                "bootstrap_cluster_creator_admin_permissions": true
              }
            ],
            "arn": "arn:aws:eks:ap-east-1:815402439714:cluster/EKS-boomi-runtime-cluster",
            "certificate_authority": [
              {
                "data": "LS0tLS1CRUdJTiBDRVJUSUZJQ0FURS0tLS0tCk1JSURCVENDQWUyZ0F3SUJBZ0lJRkE2ZDVCUXQrVE13RFFZSktvWklodmNOQVFFTEJRQXdGVEVUTUJFR0ExVUUKQXhNS2EzVmlaWEp1WlhSbGN6QWVGdzB5TmpBME1EZ3dNakF4TlRSYUZ3MHpOakEwTURVd01qQTJOVFJhTUJVeApFekFSQmdOVkJBTVRDbXQxWW1WeWJtVjBaWE13Z2dFaU1BMEdDU3FHU0liM0RRRUJBUVVBQTRJQkR3QXdnZ0VLCkFvSUJBUUM3QXo1NzFuSTRSZllHVVZDTWNMY2ZvanBobS8rZy81YUg3b1FSVEJqRmNnWis1MEZTRzh3YUpxZksKL00rcE1JVTZBWGpxNC9JQTdONXcvOWJpZkpGVnpMYkYwWnlUdTIvUUt3VUJiLzNielI5TDZNdFowS2l2VW90MwoyYWljcHg2UWt0ZXlwUjlkNWtBRWJCSFF5eVgxZk51TU00UWNtSzRsR2Z4MVNZVE41TTRjNTR6Zk9YR09Jbk02CmFnb1gwS1QxSTR3TlBRaWl3VGVRNVhoY3BHS09JRFlkVm9CTVVBZTVIRUZNMlRtQVl6Nk9DZDlYaEM1TFFsMnUKNHVmZlljc1U1cGhYTTdFd2d1V3ZRdnFhYmJ3bkx4cG1COXVzRGh5UE1nUjhmRjhBZUVmb0R3b3hoS1JJVEp5dQpFV252OGNyMHVRZXZjc0llcXY2bzhQdVZ6YzhCQWdNQkFBR2pXVEJYTUE0R0ExVWREd0VCL3dRRUF3SUNwREFQCkJnTlZIUk1CQWY4RUJUQURBUUgvTUIwR0ExVWREZ1FXQkJRRmtVUzBRYmJuUTMzWHhpOHN6NVp3MmF2ZGtqQVYKQmdOVkhSRUVEakFNZ2dwcmRXSmxjbTVsZEdWek1BMEdDU3FHU0liM0RRRUJDd1VBQTRJQkFRQlhqNUxjOWxVUApkVGdLYkNDNXhiMUVWaDgvck94Uk5YcW5LeUcrSjJEWGRsZVdMM1VJaDByTzEyQlJyQ2dBYmNCQ1p4T0N2MjB5ClFIQnZJNUpJelVVOHhkZTBKNlRyenRtVmNvcDh3cFprdkRpblg2UTM3RmM5VGIreC9TNmdnYUNUbWt2RzR1TjUKYXhZanBwMStFSEROWFhiNzcvWncwWFIwKzJDK1F4RXk4SmpVOUhqaGRKOE9JNVI0Wi9vNUhXQzVrNmpMNlQyOAp1bkxXUHAyZkdSNUtPdU9uYlV5dTBraEpGR1k2K3hpVG9XV0RiVHJrSHdDSkoySlVWVmozNXBmdEtCRERRd2dICkNIU3g0U3I2dnhpVWNheWM1SkQvcXBUZ1VCSit1NHpXNTB1dXg2bEN3clMyR3llU2FzSEZqZVhjY0ZFRjRVbHMKclBhdFZRTEdwd3JaCi0tLS0tRU5EIENFUlRJRklDQVRFLS0tLS0K"
              }
            ],
            "cluster_id": null,
            "compute_config": [],
            "control_plane_scaling_config": [
              {
                "tier": "standard"
              }
            ],
            "created_at": "2026-04-08T02:03:09Z",
            "deletion_protection": false,
            "enabled_cluster_log_types": [
              "api",
              "audit",
              "authenticator",
              "controllerManager",
              "scheduler"
            ],
            "endpoint": "https://DDD0AC51F8114D55B46C2EE6DFC3ADF4.sk1.ap-east-1.eks.amazonaws.com",
            "id": "EKS-boomi-runtime-cluster",
            "identity": [
              {
                "oidc": [
                  {
                    "issuer": "https://oidc.eks.ap-east-1.amazonaws.com/id/DDD0AC51F8114D55B46C2EE6DFC3ADF4"
                  }
                ]
              }
            ],
            "kubernetes_network_config": [
              {
                "elastic_load_balancing": [
                  {
                    "enabled": false
                  }
                ],
                "ip_family": "ipv4",
                "service_ipv4_cidr": "172.20.0.0/16",
                "service_ipv6_cidr": ""
              }
            ],
            "name": "EKS-boomi-runtime-cluster",
            "outpost_config": [],
            "platform_version": "eks.15",
            "region": "ap-east-1",
            "remote_network_config": [],
            "role_arn": "arn:aws:iam::815402439714:role/eksctl-EKS-boomi-runtime-cluster-cluste-ServiceRole-NiI7Y7SGAyDz",
            "status": "ACTIVE",
            "storage_config": [],
            "tags": {
              "Name": "eksctl-EKS-boomi-runtime-cluster-cluster/ControlPlane",
              "alpha.eksctl.io/cluster-name": "EKS-boomi-runtime-cluster",
              "alpha.eksctl.io/cluster-oidc-enabled": "false",
              "alpha.eksctl.io/eksctl-version": "0.225.0",
              "eksctl.cluster.k8s.io/v1alpha1/cluster-name": "EKS-boomi-runtime-cluster"
            },
            "upgrade_policy": [
              {
                "support_type": "EXTENDED"
              }
            ],
            "version": "1.35",
            "vpc_config": [
              {
                "cluster_security_group_id": "sg-04bdaa15893296d34",
                "control_plane_egress_mode": "AWS_MANAGED",
                "endpoint_private_access": false,
                "endpoint_public_access": true,
                "public_access_cidrs": [
                  "0.0.0.0/0"
                ],
                "security_group_ids": [
                  "sg-016dba053832b4fc1"
                ],
                "subnet_ids": [
                  "subnet-01163558adbc9e75e",
                  "subnet-01e080bd4987dff68",
                  "subnet-03d9461e367a8b4f5",
                  "subnet-04d11f50c6e883ed8",
                  "subnet-0629ef2fe8d881cad",
                  "subnet-0eef85cb35759e2e7"
                ],
                "vpc_id": "vpc-0557a610a3f848b5d"
              }
            ],
            "zonal_shift_config": []
          },
          "sensitive_attributes": [],
          "identity_schema_version": 0
        }
      ]
    },
    {
      "mode": "data",
      "type": "aws_eks_cluster_auth",
      "name": "target",
      "provider": "provider[\"registry.terraform.io/hashicorp/aws\"]",
      "instances": [
        {
          "schema_version": 0,
          "attributes": {
            "id": "EKS-boomi-runtime-cluster",
            "name": "EKS-boomi-runtime-cluster",
            "region": "ap-east-1",
            "token": "k8s-aws-v1.aHR0cHM6Ly9zdHMuYXAtZWFzdC0xLmFtYXpvbmF3cy5jb20vP0FjdGlvbj1HZXRDYWxsZXJJZGVudGl0eSZWZXJzaW9uPTIwMTEtMDYtMTUmWC1BbXotQWxnb3JpdGhtPUFXUzQtSE1BQy1TSEEyNTYmWC1BbXotQ3JlZGVudGlhbD1BU0lBMzNXT0YyUVJFSU5aUE1XVyUyRjIwMjYwNzEwJTJGYXAtZWFzdC0xJTJGc3RzJTJGYXdzNF9yZXF1ZXN0JlgtQW16LURhdGU9MjAyNjA3MTBUMDE1MzIwWiZYLUFtei1FeHBpcmVzPTAmWC1BbXotU2VjdXJpdHktVG9rZW49SVFvSmIzSnBaMmx1WDJWakVPTCUyRiUyRiUyRiUyRiUyRiUyRiUyRiUyRiUyRiUyRndFYUNYVnpMV1ZoYzNRdE1TSklNRVlDSVFEUXN3VHhoZjJmZnFIRWNJQUhGR0VjJTJCUVlJUEZHZllBTkVEUUc2YXZRODdnSWhBS3g1VUtXQVRHazBuOXJIa0VvTG1ZcnNLd043OGYyb2JBUTZ4RmVtTkNZc0t0d0RDS3YlMkYlMkYlMkYlMkYlMkYlMkYlMkYlMkYlMkYlMkZ3RVFBQm9NT0RFMU5EQXlORE01TnpFMElneUolMkI4d2ZMS0R4Rmw1QVA4NHFzQU9OYUtkOFJLbG9NRWQ3WEhGdG84dnNPM05VUVJDb2lpcmxoRzdNVk01MElGUThOTWZFQW94YkRxcmNaeUR6VmQ0OXFwSVUlMkZ0eGF6JTJCNDJqSHBoVm5JaUNRRlBWakNPNHR1JTJCV2psNjVXSEM5cUpLZDhwcmNldGd5OXN2UXZwN09yOGhSazM0Z3JiSzFpeCUyRkg1Ykw1JTJCMFprUDVDZXZhZVdoN1RLbHM5MUR0NG92dmRCeFpQMG1KdkN5WjBnMWJYTDV2cHRZUzdXQ1BLMCUyRjRVOVlyWGppJTJGTnFIeEIxYnROOXZsMEszVEdNNVlFTVhmbld5TE05JTJCQXd6R043OCUyQkV1aEdZbFRMQVFsSlhhTEFEVlVKaTA2amtxWk5CciUyQnJQM0ElMkJLVUtQQkVOaUtKNXVQV0picm9OdmprQSUyQk9JaklNblZDUnFJdDd2Mm1sZFdyV3oxdU9GeFFFdTJYeG1QMlpkY3h0Qm5YNVMyQzJEUUlyTEx6R3k3UjBnRGZ6eVJZZEM0bk9HMnhENG1SSk9tNW5kd0lkRUFrSWV1eXZ4VTduOVRqRng2cVAwSVQzb1RWaXE5MlVZZTV6aVpMekZxTDZxalhreUZ0MzhwN1BWSG1kbCUyQjRwWnJSTmNtTVpsMm5ESkdIdFJTSUEyakdhS1R5UWhUUkZJTjBNTFBUcWh1U1htc0FPJTJCNXJlVzduZHJXb2NqTEM5ZmEzSVlOQ01KUE9uMHlkWnFReHJBZVdCa3hQT0lLUVMwJTJCVkNPeW1BOEdMMmlJR293a2FIQjBnWTZwd0ZGa1J0dlQ1VHolMkZNajNKdm0zdFVZaGpmTDl5TDFMcHFGakFWdlZhc254WVhmaFhSRDBUTlJUdXltUElQMlZaUU9GdU50OWpvc0hndkxWQmpaOUptNkdwNkxnJTJGbWxSbmolMkIxeExoNHladEtMd0glMkJ1eUklMkJoR0lnZ203MyUyRmJ5b1p2cGdxN09SSCUyRnkzUXZmcEhPbCUyQkhSOHo4QkN1Y2tHRkRhN3dWaFo2R2thaTJPWmxNUmEza1Z2YXZmZjUyUkRwY3l6OU1NdVIlMkZ1RDh5YUQ2STREQUdqSTBqalNmbG1kdENRJTNEJTNEJlgtQW16LVNpZ25lZEhlYWRlcnM9aG9zdCUzQngtazhzLWF3cy1pZCZYLUFtei1TaWduYXR1cmU9NjU5MDViNDUwOTRhNDMzODA5ZTMxOTdiZjk5YzZjOGZjMzczNmQ1ZWMwMmVhNzFmZmFlNTZmMDRjNDU3NTI5Zg"
          },
          "sensitive_attributes": [
            [
              {
                "type": "get_attr",
                "value": "token"
              }
            ]
          ],
          "identity_schema_version": 0
        }
      ]
    },
    {
      "module": "module.mongodb_prerequisites",
      "mode": "data",
      "type": "aws_iam_policy_document",
      "name": "assume_role",
      "provider": "provider[\"registry.terraform.io/hashicorp/aws\"]",
      "instances": [
        {
          "schema_version": 0,
          "attributes": {
            "id": "819195744",
            "json": "{\n  \"Version\": \"2012-10-17\",\n  \"Statement\": [\n    {\n      \"Effect\": \"Allow\",\n      \"Action\": [\n        \"sts:TagSession\",\n        \"sts:AssumeRole\"\n      ],\n      \"Principal\": {\n        \"Service\": \"pods.eks.amazonaws.com\"\n      }\n    }\n  ]\n}",
            "minified_json": "{\"Version\":\"2012-10-17\",\"Statement\":[{\"Effect\":\"Allow\",\"Action\":[\"sts:TagSession\",\"sts:AssumeRole\"],\"Principal\":{\"Service\":\"pods.eks.amazonaws.com\"}}]}",
            "override_json": null,
            "override_policy_documents": null,
            "policy_id": null,
            "source_json": null,
            "source_policy_documents": null,
            "statement": [
              {
                "actions": [
                  "sts:AssumeRole",
                  "sts:TagSession"
                ],
                "condition": [],
                "effect": "Allow",
                "not_actions": [],
                "not_principals": [],
                "not_resources": [],
                "principals": [
                  {
                    "identifiers": [
                      "pods.eks.amazonaws.com"
                    ],
                    "type": "Service"
                  }
                ],
                "resources": [],
                "sid": ""
              }
            ],
            "version": "2012-10-17"
          },
          "sensitive_attributes": [],
          "identity_schema_version": 0
        }
      ]
    },
    {
      "module": "module.mongodb_prerequisites",
      "mode": "data",
      "type": "aws_iam_policy_document",
      "name": "mongodb_pbm",
      "provider": "provider[\"registry.terraform.io/hashicorp/aws\"]",
      "instances": [
        {
          "schema_version": 0,
          "attributes": {
            "id": "2891064400",
            "json": "{\n  \"Version\": \"2012-10-17\",\n  \"Statement\": [\n    {\n      \"Sid\": \"S3Access\",\n      \"Effect\": \"Allow\",\n      \"Action\": [\n        \"s3:PutObject\",\n        \"s3:ListBucket\",\n        \"s3:GetObject\",\n        \"s3:GetBucketLocation\",\n        \"s3:DeleteObject\",\n        \"s3:AbortMultipartUpload\"\n      ],\n      \"Resource\": [\n        \"arn:aws:s3:::my-mongodb-pbm-backups/*\",\n        \"arn:aws:s3:::my-mongodb-pbm-backups\"\n      ]\n    }\n  ]\n}",
            "minified_json": "{\"Version\":\"2012-10-17\",\"Statement\":[{\"Sid\":\"S3Access\",\"Effect\":\"Allow\",\"Action\":[\"s3:PutObject\",\"s3:ListBucket\",\"s3:GetObject\",\"s3:GetBucketLocation\",\"s3:DeleteObject\",\"s3:AbortMultipartUpload\"],\"Resource\":[\"arn:aws:s3:::my-mongodb-pbm-backups/*\",\"arn:aws:s3:::my-mongodb-pbm-backups\"]}]}",
            "override_json": null,
            "override_policy_documents": null,
            "policy_id": null,
            "source_json": null,
            "source_policy_documents": null,
            "statement": [
              {
                "actions": [
                  "s3:AbortMultipartUpload",
                  "s3:DeleteObject",
                  "s3:GetBucketLocation",
                  "s3:GetObject",
                  "s3:ListBucket",
                  "s3:PutObject"
                ],
                "condition": [],
                "effect": "Allow",
                "not_actions": [],
                "not_principals": [],
                "not_resources": [],
                "principals": [],
                "resources": [
                  "arn:aws:s3:::my-mongodb-pbm-backups",
                  "arn:aws:s3:::my-mongodb-pbm-backups/*"
                ],
                "sid": "S3Access"
              }
            ],
            "version": "2012-10-17"
          },
          "sensitive_attributes": [],
          "identity_schema_version": 0
        }
      ]
    },
    {
      "module": "module.mongodb_prerequisites",
      "mode": "managed",
      "type": "aws_eks_pod_identity_association",
      "name": "mongodb_workload",
      "provider": "provider[\"registry.terraform.io/hashicorp/aws\"]",
      "instances": [
        {
          "index_key": 0,
          "schema_version": 0,
          "attributes": {
            "association_arn": "arn:aws:eks:ap-east-1:815402439714:podidentityassociation/EKS-boomi-runtime-cluster/a-fckcep7u8grdahhvb",
            "association_id": "a-fckcep7u8grdahhvb",
            "cluster_name": "EKS-boomi-runtime-cluster",
            "disable_session_tags": false,
            "external_id": null,
            "id": "a-fckcep7u8grdahhvb",
            "namespace": "mongodb",
            "region": "ap-east-1",
            "role_arn": "arn:aws:iam::815402439714:role/mongodb-pbm-role",
            "service_account": "psmdb-db",
            "tags": null,
            "tags_all": {},
            "target_role_arn": null
          },
          "sensitive_attributes": [],
          "identity_schema_version": 0,
          "identity": {
            "account_id": "815402439714",
            "association_id": "a-fckcep7u8grdahhvb",
            "cluster_name": "EKS-boomi-runtime-cluster",
            "region": "ap-east-1"
          },
          "dependencies": [
            "data.aws_eks_cluster.target",
            "data.aws_eks_cluster_auth.target",
            "module.mongodb_prerequisites.aws_iam_role.mongodb_pbm",
            "module.mongodb_prerequisites.data.aws_iam_policy_document.assume_role",
            "module.mongodb_prerequisites.kubernetes_namespace_v1.mongodb",
            "module.mongodb_prerequisites.kubernetes_service_account_v1.mongodb_workload"
          ]
        }
      ]
    },
    {
      "module": "module.mongodb_prerequisites",
      "mode": "managed",
      "type": "aws_iam_role",
      "name": "mongodb_pbm",
      "provider": "provider[\"registry.terraform.io/hashicorp/aws\"]",
      "instances": [
        {
          "schema_version": 0,
          "attributes": {
            "arn": "arn:aws:iam::815402439714:role/mongodb-pbm-role",
            "assume_role_policy": "{\"Statement\":[{\"Action\":[\"sts:TagSession\",\"sts:AssumeRole\"],\"Effect\":\"Allow\",\"Principal\":{\"Service\":\"pods.eks.amazonaws.com\"}}],\"Version\":\"2012-10-17\"}",
            "create_date": "2026-07-10T01:53:30Z",
            "description": "",
            "force_detach_policies": false,
            "id": "mongodb-pbm-role",
            "inline_policy": [],
            "managed_policy_arns": [],
            "max_session_duration": 3600,
            "name": "mongodb-pbm-role",
            "name_prefix": "",
            "path": "/",
            "permissions_boundary": "",
            "tags": null,
            "tags_all": {},
            "unique_id": "AROA33WOF2QRI6PCGRFZM"
          },
          "sensitive_attributes": [],
          "identity_schema_version": 0,
          "identity": {
            "account_id": "815402439714",
            "name": "mongodb-pbm-role"
          },
          "private": "bnVsbA==",
          "dependencies": [
            "module.mongodb_prerequisites.data.aws_iam_policy_document.assume_role"
          ]
        }
      ]
    },
    {
      "module": "module.mongodb_prerequisites",
      "mode": "managed",
      "type": "aws_iam_role_policy",
      "name": "mongodb_pbm",
      "provider": "provider[\"registry.terraform.io/hashicorp/aws\"]",
      "instances": [
        {
          "schema_version": 0,
          "attributes": {
            "id": "mongodb-pbm-role:mongodb-pbm-role-policy",
            "name": "mongodb-pbm-role-policy",
            "name_prefix": "",
            "policy": "{\"Version\":\"2012-10-17\",\"Statement\":[{\"Action\":[\"s3:PutObject\",\"s3:ListBucket\",\"s3:GetObject\",\"s3:GetBucketLocation\",\"s3:DeleteObject\",\"s3:AbortMultipartUpload\"],\"Effect\":\"Allow\",\"Resource\":[\"arn:aws:s3:::my-mongodb-pbm-backups/*\",\"arn:aws:s3:::my-mongodb-pbm-backups\"],\"Sid\":\"S3Access\"}]}",
            "role": "mongodb-pbm-role"
          },
          "sensitive_attributes": [],
          "identity_schema_version": 0,
          "identity": {
            "account_id": "815402439714",
            "name": "mongodb-pbm-role-policy",
            "role": "mongodb-pbm-role"
          },
          "private": "bnVsbA==",
          "dependencies": [
            "module.mongodb_prerequisites.aws_iam_role.mongodb_pbm",
            "module.mongodb_prerequisites.aws_s3_bucket.pbm",
            "module.mongodb_prerequisites.data.aws_iam_policy_document.assume_role",
            "module.mongodb_prerequisites.data.aws_iam_policy_document.mongodb_pbm"
          ]
        }
      ]
    },
    {
      "module": "module.mongodb_prerequisites",
      "mode": "managed",
      "type": "aws_s3_bucket",
      "name": "pbm",
      "provider": "provider[\"registry.terraform.io/hashicorp/aws\"]",
      "instances": [
        {
          "schema_version": 0,
          "attributes": {
            "acceleration_status": "",
            "acl": null,
            "arn": "arn:aws:s3:::my-mongodb-pbm-backups",
            "bucket": "my-mongodb-pbm-backups",
            "bucket_domain_name": "my-mongodb-pbm-backups.s3.amazonaws.com",
            "bucket_namespace": "global",
            "bucket_prefix": "",
            "bucket_region": "ap-east-1",
            "bucket_regional_domain_name": "my-mongodb-pbm-backups.s3.ap-east-1.amazonaws.com",
            "cors_rule": [],
            "force_destroy": false,
            "grant": [
              {
                "id": "a97f88694affecc01785f0d051cc73547bc13a76873f01b58d45388a4d34dfff",
                "permissions": [
                  "FULL_CONTROL"
                ],
                "type": "CanonicalUser",
                "uri": ""
              }
            ],
            "hosted_zone_id": "ZNB98KWMFR0R6",
            "id": "my-mongodb-pbm-backups",
            "lifecycle_rule": [],
            "logging": [],
            "object_lock_configuration": [],
            "object_lock_enabled": false,
            "policy": "",
            "region": "ap-east-1",
            "replication_configuration": [],
            "request_payer": "BucketOwner",
            "server_side_encryption_configuration": [
              {
                "rule": [
                  {
                    "apply_server_side_encryption_by_default": [
                      {
                        "kms_master_key_id": "",
                        "sse_algorithm": "AES256"
                      }
                    ],
                    "bucket_key_enabled": false
                  }
                ]
              }
            ],
            "tags": null,
            "tags_all": {},
            "timeouts": null,
            "versioning": [
              {
                "enabled": false,
                "mfa_delete": false
              }
            ],
            "website": [],
            "website_domain": null,
            "website_endpoint": null
          },
          "sensitive_attributes": [],
          "identity_schema_version": 0,
          "identity": {
            "account_id": "815402439714",
            "bucket": "my-mongodb-pbm-backups",
            "region": "ap-east-1"
          },
          "private": "eyJlMmJmYjczMC1lY2FhLTExZTYtOGY4OC0zNDM2M2JjN2M0YzAiOnsiY3JlYXRlIjoxMjAwMDAwMDAwMDAwLCJkZWxldGUiOjM2MDAwMDAwMDAwMDAsInJlYWQiOjEyMDAwMDAwMDAwMDAsInVwZGF0ZSI6MTIwMDAwMDAwMDAwMH19"
        }
      ]
    },
    {
      "module": "module.mongodb_prerequisites",
      "mode": "managed",
      "type": "aws_s3_bucket_public_access_block",
      "name": "pbm",
      "provider": "provider[\"registry.terraform.io/hashicorp/aws\"]",
      "instances": [
        {
          "schema_version": 0,
          "attributes": {
            "block_public_acls": true,
            "block_public_policy": true,
            "bucket": "my-mongodb-pbm-backups",
            "id": "my-mongodb-pbm-backups",
            "ignore_public_acls": true,
            "region": "ap-east-1",
            "restrict_public_buckets": true,
            "skip_destroy": null
          },
          "sensitive_attributes": [],
          "identity_schema_version": 0,
          "identity": {
            "account_id": "815402439714",
            "bucket": "my-mongodb-pbm-backups",
            "region": "ap-east-1"
          },
          "private": "bnVsbA==",
          "dependencies": [
            "module.mongodb_prerequisites.aws_s3_bucket.pbm"
          ]
        }
      ]
    },
    {
      "module": "module.mongodb_prerequisites",
      "mode": "managed",
      "type": "aws_s3_bucket_server_side_encryption_configuration",
      "name": "pbm",
      "provider": "provider[\"registry.terraform.io/hashicorp/aws\"]",
      "instances": [
        {
          "schema_version": 0,
          "attributes": {
            "bucket": "my-mongodb-pbm-backups",
            "expected_bucket_owner": "",
            "id": "my-mongodb-pbm-backups",
            "region": "ap-east-1",
            "rule": [
              {
                "apply_server_side_encryption_by_default": [
                  {
                    "kms_master_key_id": "",
                    "sse_algorithm": "AES256"
                  }
                ],
                "blocked_encryption_types": [
                  "SSE-C"
                ],
                "bucket_key_enabled": false
              }
            ]
          },
          "sensitive_attributes": [],
          "identity_schema_version": 1,
          "identity": {
            "account_id": "815402439714",
            "bucket": "my-mongodb-pbm-backups",
            "region": "ap-east-1"
          },
          "private": "bnVsbA==",
          "dependencies": [
            "module.mongodb_prerequisites.aws_s3_bucket.pbm"
          ]
        }
      ]
    },
    {
      "module": "module.mongodb_prerequisites",
      "mode": "managed",
      "type": "aws_s3_bucket_versioning",
      "name": "pbm",
      "provider": "provider[\"registry.terraform.io/hashicorp/aws\"]",
      "instances": [
        {
          "schema_version": 0,
          "attributes": {
            "bucket": "my-mongodb-pbm-backups",
            "expected_bucket_owner": "",
            "id": "my-mongodb-pbm-backups",
            "mfa": null,
            "region": "ap-east-1",
            "versioning_configuration": [
              {
                "mfa_delete": "Disabled",
                "status": "Enabled"
              }
            ]
          },
          "sensitive_attributes": [],
          "identity_schema_version": 1,
          "identity": {
            "account_id": "815402439714",
            "bucket": "my-mongodb-pbm-backups",
            "region": "ap-east-1"
          },
          "private": "bnVsbA==",
          "dependencies": [
            "module.mongodb_prerequisites.aws_s3_bucket.pbm"
          ]
        }
      ]
    },
    {
      "module": "module.mongodb_prerequisites",
      "mode": "managed",
      "type": "kubernetes_namespace_v1",
      "name": "mongodb",
      "provider": "provider[\"registry.terraform.io/hashicorp/kubernetes\"]",
      "instances": [
        {
          "schema_version": 0,
          "attributes": {
            "id": "mongodb",
            "metadata": [
              {
                "annotations": null,
                "generate_name": "",
                "generation": 0,
                "labels": {
                  "app.kubernetes.io/part-of": "mongodb-platform"
                },
                "name": "mongodb",
                "resource_version": "30084429",
                "uid": "df80b995-5df3-4629-ad86-5d140213e7db"
              }
            ],
            "timeouts": null,
            "wait_for_default_service_account": false
          },
          "sensitive_attributes": [],
          "identity_schema_version": 1,
          "identity": {
            "api_version": "v1",
            "kind": "Namespace",
            "name": "mongodb"
          },
          "private": "eyJlMmJmYjczMC1lY2FhLTExZTYtOGY4OC0zNDM2M2JjN2M0YzAiOnsiZGVsZXRlIjozMDAwMDAwMDAwMDB9fQ==",
          "dependencies": [
            "data.aws_eks_cluster.target",
            "data.aws_eks_cluster_auth.target"
          ]
        }
      ]
    },
    {
      "module": "module.mongodb_prerequisites",
      "mode": "managed",
      "type": "kubernetes_service_account_v1",
      "name": "mongodb_workload",
      "provider": "provider[\"registry.terraform.io/hashicorp/kubernetes\"]",
      "instances": [
        {
          "schema_version": 0,
          "attributes": {
            "automount_service_account_token": true,
            "default_secret_name": "",
            "id": "mongodb/psmdb-db",
            "image_pull_secret": [],
            "metadata": [
              {
                "annotations": null,
                "generate_name": "",
                "generation": 0,
                "labels": null,
                "name": "psmdb-db",
                "namespace": "mongodb",
                "resource_version": "30084446",
                "uid": "00deb958-1d7f-4f9b-90e3-0732143e2f6d"
              }
            ],
            "secret": [],
            "timeouts": null
          },
          "sensitive_attributes": [],
          "identity_schema_version": 1,
          "identity": {
            "api_version": "v1",
            "kind": "ServiceAccount",
            "name": "psmdb-db",
            "namespace": "mongodb"
          },
          "private": "eyJlMmJmYjczMC1lY2FhLTExZTYtOGY4OC0zNDM2M2JjN2M0YzAiOnsiY3JlYXRlIjozMDAwMDAwMDAwMH19",
          "dependencies": [
            "data.aws_eks_cluster.target",
            "data.aws_eks_cluster_auth.target",
            "module.mongodb_prerequisites.aws_iam_role.mongodb_pbm",
            "module.mongodb_prerequisites.data.aws_iam_policy_document.assume_role",
            "module.mongodb_prerequisites.kubernetes_namespace_v1.mongodb"
          ]
        }
      ]
    }
  ],
  "check_results": null
}
