{
  "version": 4,
  "terraform_version": "1.15.7",
  "serial": 84,
  "lineage": "db888e69-b6ca-68c9-61bf-f1049698e511",
  "outputs": {
    "postgres_cloudwatch_monitor_role_arn": {
      "value": "arn:aws:iam::815402439714:role/postgres-cloudwatch-monitor-role",
      "type": "string"
    },
    "postgresql_cluster_id": {
      "value": "pg18-dev",
      "type": "string"
    },
    "postgresql_endpoint": {
      "value": "pg18-dev.cluster-chauq04a25k3.ap-east-1.rds.amazonaws.com",
      "type": "string"
    },
    "postgresql_port": {
      "value": 5432,
      "type": "number"
    },
    "postgresql_reader_endpoint": {
      "value": "pg18-dev.cluster-ro-chauq04a25k3.ap-east-1.rds.amazonaws.com",
      "type": "string"
    },
    "postgresql_security_group_id": {
      "value": "sg-0ee8600a656ddbf79",
      "type": "string"
    },
    "postgresql_subnet_group_name": {
      "value": "dev-pg18-subnet-group",
      "type": "string"
    }
  },
  "resources": [
    {
      "mode": "data",
      "type": "aws_iam_policy_document",
      "name": "postgres_cloudwatch_monitor",
      "provider": "provider[\"registry.terraform.io/hashicorp/aws\"]",
      "instances": [
        {
          "schema_version": 0,
          "attributes": {
            "id": "4234049813",
            "json": "{\n  \"Version\": \"2012-10-17\",\n  \"Statement\": [\n    {\n      \"Sid\": \"CloudWatchMetricsReadOnly\",\n      \"Effect\": \"Allow\",\n      \"Action\": [\n        \"cloudwatch:ListMetrics\",\n        \"cloudwatch:GetMetricStatistics\",\n        \"cloudwatch:GetMetricData\"\n      ],\n      \"Resource\": \"*\"\n    }\n  ]\n}",
            "minified_json": "{\"Version\":\"2012-10-17\",\"Statement\":[{\"Sid\":\"CloudWatchMetricsReadOnly\",\"Effect\":\"Allow\",\"Action\":[\"cloudwatch:ListMetrics\",\"cloudwatch:GetMetricStatistics\",\"cloudwatch:GetMetricData\"],\"Resource\":\"*\"}]}",
            "override_json": null,
            "override_policy_documents": null,
            "policy_id": null,
            "source_json": null,
            "source_policy_documents": null,
            "statement": [
              {
                "actions": [
                  "cloudwatch:GetMetricData",
                  "cloudwatch:GetMetricStatistics",
                  "cloudwatch:ListMetrics"
                ],
                "condition": [],
                "effect": "Allow",
                "not_actions": [],
                "not_principals": [],
                "not_resources": [],
                "principals": [],
                "resources": [
                  "*"
                ],
                "sid": "CloudWatchMetricsReadOnly"
              }
            ],
            "version": "2012-10-17"
          },
          "sensitive_attributes": [],
          "identity_schema_version": 0
        }
      ]
    },
    {
      "mode": "data",
      "type": "aws_iam_policy_document",
      "name": "postgres_cloudwatch_monitor_assume_role",
      "provider": "provider[\"registry.terraform.io/hashicorp/aws\"]",
      "instances": [
        {
          "schema_version": 0,
          "attributes": {
            "id": "819195744",
            "json": "{\n  \"Version\": \"2012-10-17\",\n  \"Statement\": [\n    {\n      \"Effect\": \"Allow\",\n      \"Action\": [\n        \"sts:TagSession\",\n        \"sts:AssumeRole\"\n      ],\n      \"Principal\": {\n        \"Service\": \"pods.eks.amazonaws.com\"\n      }\n    }\n  ]\n}",
            "minified_json": "{\"Version\":\"2012-10-17\",\"Statement\":[{\"Effect\":\"Allow\",\"Action\":[\"sts:TagSession\",\"sts:AssumeRole\"],\"Principal\":{\"Service\":\"pods.eks.amazonaws.com\"}}]}",
            "override_json": null,
            "override_policy_documents": null,
            "policy_id": null,
            "source_json": null,
            "source_policy_documents": null,
            "statement": [
              {
                "actions": [
                  "sts:AssumeRole",
                  "sts:TagSession"
                ],
                "condition": [],
                "effect": "Allow",
                "not_actions": [],
                "not_principals": [],
                "not_resources": [],
                "principals": [
                  {
                    "identifiers": [
                      "pods.eks.amazonaws.com"
                    ],
                    "type": "Service"
                  }
                ],
                "resources": [],
                "sid": ""
              }
            ],
            "version": "2012-10-17"
          },
          "sensitive_attributes": [],
          "identity_schema_version": 0
        }
      ]
    },
    {
      "mode": "managed",
      "type": "aws_db_subnet_group",
      "name": "postgresql",
      "provider": "provider[\"registry.terraform.io/hashicorp/aws\"]",
      "instances": [
        {
          "schema_version": 0,
          "attributes": {
            "arn": "arn:aws:rds:ap-east-1:815402439714:subgrp:dev-pg18-subnet-group",
            "description": "Managed by Terraform",
            "id": "dev-pg18-subnet-group",
            "name": "dev-pg18-subnet-group",
            "name_prefix": "",
            "region": "ap-east-1",
            "subnet_ids": [
              "subnet-03d9461e367a8b4f5",
              "subnet-0629ef2fe8d881cad",
              "subnet-0eef85cb35759e2e7"
            ],
            "supported_network_types": [
              "IPV4"
            ],
            "tags": {
              "Name": "dev-pg18-subnet-group"
            },
            "tags_all": {
              "Name": "dev-pg18-subnet-group"
            },
            "vpc_id": "vpc-0557a610a3f848b5d"
          },
          "sensitive_attributes": [],
          "identity_schema_version": 0,
          "identity": {
            "account_id": "815402439714",
            "name": "dev-pg18-subnet-group",
            "region": "ap-east-1"
          },
          "private": "bnVsbA=="
        }
      ]
    },
    {
      "mode": "managed",
      "type": "aws_eks_pod_identity_association",
      "name": "postgres_cloudwatch_monitor",
      "provider": "provider[\"registry.terraform.io/hashicorp/aws\"]",
      "instances": [
        {
          "schema_version": 0,
          "attributes": {
            "association_arn": "arn:aws:eks:ap-east-1:815402439714:podidentityassociation/EKS-boomi-runtime-cluster/a-iiqmjtjrgp3oubrxw",
            "association_id": "a-iiqmjtjrgp3oubrxw",
            "cluster_name": "EKS-boomi-runtime-cluster",
            "disable_session_tags": false,
            "external_id": null,
            "id": "a-iiqmjtjrgp3oubrxw",
            "namespace": "mongodb",
            "region": "ap-east-1",
            "role_arn": "arn:aws:iam::815402439714:role/postgres-cloudwatch-monitor-role",
            "service_account": "postgres-metrics-collector",
            "tags": null,
            "tags_all": {},
            "target_role_arn": null
          },
          "sensitive_attributes": [],
          "identity_schema_version": 0,
          "identity": {
            "account_id": "815402439714",
            "association_id": "a-iiqmjtjrgp3oubrxw",
            "cluster_name": "EKS-boomi-runtime-cluster",
            "region": "ap-east-1"
          },
          "dependencies": [
            "aws_iam_role.postgres_cloudwatch_monitor",
            "data.aws_iam_policy_document.postgres_cloudwatch_monitor_assume_role"
          ]
        }
      ]
    },
    {
      "mode": "managed",
      "type": "aws_iam_role",
      "name": "postgres_cloudwatch_monitor",
      "provider": "provider[\"registry.terraform.io/hashicorp/aws\"]",
      "instances": [
        {
          "schema_version": 0,
          "attributes": {
            "arn": "arn:aws:iam::815402439714:role/postgres-cloudwatch-monitor-role",
            "assume_role_policy": "{\"Statement\":[{\"Action\":[\"sts:TagSession\",\"sts:AssumeRole\"],\"Effect\":\"Allow\",\"Principal\":{\"Service\":\"pods.eks.amazonaws.com\"}}],\"Version\":\"2012-10-17\"}",
            "create_date": "2026-07-09T11:47:26Z",
            "description": "",
            "force_detach_policies": false,
            "id": "postgres-cloudwatch-monitor-role",
            "inline_policy": [
              {
                "name": "postgres-cloudwatch-monitor-role-policy",
                "policy": "{\"Version\":\"2012-10-17\",\"Statement\":[{\"Action\":[\"cloudwatch:ListMetrics\",\"cloudwatch:GetMetricStatistics\",\"cloudwatch:GetMetricData\"],\"Effect\":\"Allow\",\"Resource\":\"*\",\"Sid\":\"CloudWatchMetricsReadOnly\"}]}"
              }
            ],
            "managed_policy_arns": [],
            "max_session_duration": 3600,
            "name": "postgres-cloudwatch-monitor-role",
            "name_prefix": "",
            "path": "/",
            "permissions_boundary": "",
            "tags": {},
            "tags_all": {},
            "unique_id": "AROA33WOF2QRMJ37TMWZI"
          },
          "sensitive_attributes": [],
          "identity_schema_version": 0,
          "identity": {
            "account_id": "815402439714",
            "name": "postgres-cloudwatch-monitor-role"
          },
          "private": "bnVsbA==",
          "dependencies": [
            "data.aws_iam_policy_document.postgres_cloudwatch_monitor_assume_role"
          ]
        }
      ]
    },
    {
      "mode": "managed",
      "type": "aws_iam_role_policy",
      "name": "postgres_cloudwatch_monitor",
      "provider": "provider[\"registry.terraform.io/hashicorp/aws\"]",
      "instances": [
        {
          "schema_version": 0,
          "attributes": {
            "id": "postgres-cloudwatch-monitor-role:postgres-cloudwatch-monitor-role-policy",
            "name": "postgres-cloudwatch-monitor-role-policy",
            "name_prefix": "",
            "policy": "{\"Version\":\"2012-10-17\",\"Statement\":[{\"Action\":[\"cloudwatch:ListMetrics\",\"cloudwatch:GetMetricStatistics\",\"cloudwatch:GetMetricData\"],\"Effect\":\"Allow\",\"Resource\":\"*\",\"Sid\":\"CloudWatchMetricsReadOnly\"}]}",
            "role": "postgres-cloudwatch-monitor-role"
          },
          "sensitive_attributes": [],
          "identity_schema_version": 0,
          "identity": {
            "account_id": "815402439714",
            "name": "postgres-cloudwatch-monitor-role-policy",
            "role": "postgres-cloudwatch-monitor-role"
          },
          "private": "bnVsbA==",
          "dependencies": [
            "aws_iam_role.postgres_cloudwatch_monitor",
            "data.aws_iam_policy_document.postgres_cloudwatch_monitor",
            "data.aws_iam_policy_document.postgres_cloudwatch_monitor_assume_role"
          ]
        }
      ]
    },
    {
      "mode": "managed",
      "type": "aws_rds_cluster",
      "name": "postgresql",
      "provider": "provider[\"registry.terraform.io/hashicorp/aws\"]",
      "instances": [
        {
          "schema_version": 1,
          "attributes": {
            "allocated_storage": 1,
            "allow_major_version_upgrade": null,
            "apply_immediately": true,
            "arn": "arn:aws:rds:ap-east-1:815402439714:cluster:pg18-dev",
            "availability_zones": [
              "ap-east-1a",
              "ap-east-1b",
              "ap-east-1c"
            ],
            "backtrack_window": 0,
            "backup_retention_period": 1,
            "ca_certificate_identifier": null,
            "ca_certificate_valid_till": null,
            "cluster_identifier": "pg18-dev",
            "cluster_identifier_prefix": "",
            "cluster_members": [
              "pg18-dev-writer"
            ],
            "cluster_resource_id": "cluster-X62ABIZ2W55WPFXLHYUSAVQEIA",
            "cluster_scalability_type": "",
            "copy_tags_to_snapshot": true,
            "database_insights_mode": "standard",
            "database_name": "app",
            "db_cluster_instance_class": "",
            "db_cluster_parameter_group_name": "default.aurora-postgresql18",
            "db_instance_parameter_group_name": null,
            "db_subnet_group_name": "dev-pg18-subnet-group",
            "db_system_id": "",
            "delete_automated_backups": true,
            "deletion_protection": false,
            "domain": "",
            "domain_iam_role_name": "",
            "enable_global_write_forwarding": false,
            "enable_http_endpoint": false,
            "enable_local_write_forwarding": false,
            "enabled_cloudwatch_logs_exports": [],
            "endpoint": "pg18-dev.cluster-chauq04a25k3.ap-east-1.rds.amazonaws.com",
            "engine": "aurora-postgresql",
            "engine_lifecycle_support": "open-source-rds-extended-support",
            "engine_mode": "provisioned",
            "engine_version": "18.3",
            "engine_version_actual": "18.3",
            "final_snapshot_identifier": null,
            "global_cluster_identifier": "",
            "hosted_zone_id": "ZRQ54QINPHMVJ",
            "iam_database_authentication_enabled": false,
            "iam_roles": [],
            "id": "pg18-dev",
            "iops": 0,
            "kms_key_id": "arn:aws:kms:ap-east-1:815402439714:key/1be4457e-1a53-4bff-8d66-7a690ed0aac4",
            "manage_master_user_password": null,
            "master_password": "Dc55SJQR5bzxePcMSwFRKJn6",
            "master_password_wo": null,
            "master_password_wo_version": null,
            "master_user_secret": [],
            "master_user_secret_kms_key_id": null,
            "master_username": "pgadmin",
            "monitoring_interval": 0,
            "monitoring_role_arn": "",
            "network_type": "IPV4",
            "performance_insights_enabled": false,
            "performance_insights_kms_key_id": "",
            "performance_insights_retention_period": 0,
            "port": 5432,
            "preferred_backup_window": "15:38-16:08",
            "preferred_maintenance_window": "sat:12:46-sat:13:16",
            "reader_endpoint": "pg18-dev.cluster-ro-chauq04a25k3.ap-east-1.rds.amazonaws.com",
            "region": "ap-east-1",
            "replication_source_identifier": "",
            "restore_to_point_in_time": [],
            "s3_import": [],
            "scaling_configuration": [],
            "serverlessv2_scaling_configuration": [],
            "skip_final_snapshot": true,
            "snapshot_identifier": null,
            "source_region": null,
            "storage_encrypted": true,
            "storage_type": "",
            "tags": {
              "Environment": "dev",
              "ManagedBy": "terraform",
              "Name": "pg18-dev"
            },
            "tags_all": {
              "Environment": "dev",
              "ManagedBy": "terraform",
              "Name": "pg18-dev"
            },
            "timeouts": null,
            "upgrade_rollout_order": "second",
            "vpc_security_group_ids": [
              "sg-0ee8600a656ddbf79"
            ]
          },
          "sensitive_attributes": [
            [
              {
                "type": "get_attr",
                "value": "master_password"
              }
            ],
            [
              {
                "type": "get_attr",
                "value": "master_password_wo"
              }
            ]
          ],
          "identity_schema_version": 0,
          "private": "eyJlMmJmYjczMC1lY2FhLTExZTYtOGY4OC0zNDM2M2JjN2M0YzAiOnsiY3JlYXRlIjo3MjAwMDAwMDAwMDAwLCJkZWxldGUiOjcyMDAwMDAwMDAwMDAsInVwZGF0ZSI6NzIwMDAwMDAwMDAwMH0sInNjaGVtYV92ZXJzaW9uIjoiMSJ9",
          "dependencies": [
            "aws_db_subnet_group.postgresql",
            "aws_security_group.postgresql"
          ]
        }
      ]
    },
    {
      "mode": "managed",
      "type": "aws_rds_cluster_instance",
      "name": "postgresql_writer",
      "provider": "provider[\"registry.terraform.io/hashicorp/aws\"]",
      "instances": [
        {
          "schema_version": 0,
          "attributes": {
            "apply_immediately": true,
            "arn": "arn:aws:rds:ap-east-1:815402439714:db:pg18-dev-writer",
            "auto_minor_version_upgrade": true,
            "availability_zone": "ap-east-1b",
            "ca_cert_identifier": "rds-ca-rsa2048-g1",
            "cluster_identifier": "pg18-dev",
            "copy_tags_to_snapshot": false,
            "custom_iam_instance_profile": "",
            "db_parameter_group_name": "default.aurora-postgresql18",
            "db_subnet_group_name": "dev-pg18-subnet-group",
            "dbi_resource_id": "db-A4NAKUHN5QVKP2R5UA4C3ROTU4",
            "endpoint": "pg18-dev-writer.chauq04a25k3.ap-east-1.rds.amazonaws.com",
            "engine": "aurora-postgresql",
            "engine_version": "18.3",
            "engine_version_actual": "18.3",
            "force_destroy": false,
            "id": "pg18-dev-writer",
            "identifier": "pg18-dev-writer",
            "identifier_prefix": "",
            "instance_class": "db.t4g.medium",
            "kms_key_id": "arn:aws:kms:ap-east-1:815402439714:key/1be4457e-1a53-4bff-8d66-7a690ed0aac4",
            "monitoring_interval": 0,
            "monitoring_role_arn": "",
            "network_type": "IPV4",
            "performance_insights_enabled": false,
            "performance_insights_kms_key_id": "",
            "performance_insights_retention_period": 0,
            "port": 5432,
            "preferred_backup_window": "15:38-16:08",
            "preferred_maintenance_window": "wed:12:02-wed:12:32",
            "promotion_tier": 0,
            "publicly_accessible": false,
            "region": "ap-east-1",
            "storage_encrypted": true,
            "tags": {
              "Environment": "dev",
              "ManagedBy": "terraform",
              "Name": "pg18-dev-writer"
            },
            "tags_all": {
              "Environment": "dev",
              "ManagedBy": "terraform",
              "Name": "pg18-dev-writer"
            },
            "timeouts": null,
            "writer": true
          },
          "sensitive_attributes": [],
          "identity_schema_version": 0,
          "private": "eyJlMmJmYjczMC1lY2FhLTExZTYtOGY4OC0zNDM2M2JjN2M0YzAiOnsiY3JlYXRlIjo1NDAwMDAwMDAwMDAwLCJkZWxldGUiOjU0MDAwMDAwMDAwMDAsInVwZGF0ZSI6NTQwMDAwMDAwMDAwMH19",
          "dependencies": [
            "aws_db_subnet_group.postgresql",
            "aws_rds_cluster.postgresql",
            "aws_security_group.postgresql"
          ]
        }
      ]
    },
    {
      "mode": "managed",
      "type": "aws_security_group",
      "name": "postgresql",
      "provider": "provider[\"registry.terraform.io/hashicorp/aws\"]",
      "instances": [
        {
          "schema_version": 1,
          "attributes": {
            "arn": "arn:aws:ec2:ap-east-1:815402439714:security-group/sg-0ee8600a656ddbf79",
            "description": "Security group for dev PostgreSQL",
            "egress": [
              {
                "cidr_blocks": [
                  "0.0.0.0/0"
                ],
                "description": "Allow all outbound",
                "from_port": 0,
                "ipv6_cidr_blocks": [],
                "prefix_list_ids": [],
                "protocol": "-1",
                "security_groups": [],
                "self": false,
                "to_port": 0
              }
            ],
            "id": "sg-0ee8600a656ddbf79",
            "ingress": [],
            "name": "dev-pg18-sg",
            "name_prefix": "",
            "owner_id": "815402439714",
            "region": "ap-east-1",
            "revoke_rules_on_delete": false,
            "tags": {
              "Name": "dev-pg18-sg"
            },
            "tags_all": {
              "Name": "dev-pg18-sg"
            },
            "timeouts": null,
            "vpc_id": "vpc-0557a610a3f848b5d"
          },
          "sensitive_attributes": [],
          "identity_schema_version": 0,
          "identity": {
            "account_id": "815402439714",
            "id": "sg-0ee8600a656ddbf79",
            "region": "ap-east-1"
          },
          "private": "eyJlMmJmYjczMC1lY2FhLTExZTYtOGY4OC0zNDM2M2JjN2M0YzAiOnsiY3JlYXRlIjo2MDAwMDAwMDAwMDAsImRlbGV0ZSI6OTAwMDAwMDAwMDAwfSwic2NoZW1hX3ZlcnNpb24iOiIxIn0="
        }
      ]
    },
    {
      "mode": "managed",
      "type": "aws_vpc_security_group_egress_rule",
      "name": "postgresql_all_outbound",
      "provider": "provider[\"registry.terraform.io/hashicorp/aws\"]",
      "instances": [
        {
          "schema_version": 0,
          "attributes": {
            "arn": "arn:aws:ec2:ap-east-1:815402439714:security-group-rule/sgr-04c72698ecea49f5e",
            "cidr_ipv4": "0.0.0.0/0",
            "cidr_ipv6": null,
            "description": "Allow all outbound",
            "from_port": null,
            "id": "sgr-04c72698ecea49f5e",
            "ip_protocol": "-1",
            "prefix_list_id": null,
            "referenced_security_group_id": null,
            "region": "ap-east-1",
            "security_group_id": "sg-0ee8600a656ddbf79",
            "security_group_rule_id": "sgr-04c72698ecea49f5e",
            "tags": null,
            "tags_all": {},
            "to_port": null
          },
          "sensitive_attributes": [],
          "identity_schema_version": 0,
          "identity": {
            "account_id": "815402439714",
            "id": "sgr-04c72698ecea49f5e",
            "region": "ap-east-1"
          },
          "dependencies": [
            "aws_security_group.postgresql"
          ]
        }
      ]
    }
  ],
  "check_results": null
}
